
Microsoft Visual Studio Solution File, Format Version 12.00
# Visual Studio Version 16
VisualStudioVersion = 16.0.31402.337
MinimumVisualStudioVersion = 10.0.40219.1
Project("{9A19103F-16F7-4668-BE54-9A1E7A4F7556}") = "PrihlaseniEmailTest", "PrihlaseniEmailTest\PrihlaseniEmailTest.csproj", "{2BD44A3D-6AC8-4585-B6C1-23BE7F38F77A}"
EndProject
Global
	GlobalSection(SolutionConfigurationPlatforms) = preSolution
		Debug|Any CPU = Debug|Any CPU
		Release|Any CPU = Release|Any CPU
	EndGlobalSection
	GlobalSection(ProjectConfigurationPlatforms) = postSolution
		{2BD44A3D-6AC8-4585-B6C1-23BE7F38F77A}.Debug|Any CPU.ActiveCfg = Debug|Any CPU
		{2BD44A3D-6AC8-4585-B6C1-23BE7F38F77A}.Debug|Any CPU.Build.0 = Debug|Any CPU
		{2BD44A3D-6AC8-4585-B6C1-23BE7F38F77A}.Release|Any CPU.ActiveCfg = Release|Any CPU
		{2BD44A3D-6AC8-4585-B6C1-23BE7F38F77A}.Release|Any CPU.Build.0 = Release|Any CPU
	EndGlobalSection
	GlobalSection(SolutionProperties) = preSolution
		HideSolutionNode = FALSE
	EndGlobalSection
	GlobalSection(ExtensibilityGlobals) = postSolution
		SolutionGuid = {396B6240-C3BD-4EEA-AF20-A596F7C140CF}
	EndGlobalSection
EndGlobal
